
Microsoft Visual Studio Solution File, Format Version 12.00
# Visual Studio Version 16
VisualStudioVersion = 16.0.32002.261
MinimumVisualStudioVersion = 10.0.40219.1
Project("{9A19103F-16F7-4668-BE54-9A1E7A4F7556}") = "NWS.net", "NWS.net\NWS.net.csproj", "{C4F2EC71-1D8A-48FE-AB07-4748BF9592A8}"
EndProject
Global
	GlobalSection(SolutionConfigurationPlatforms) = preSolution
		Debug|Any CPU = Debug|Any CPU
		Release|Any CPU = Release|Any CPU
	EndGlobalSection
	GlobalSection(ProjectConfigurationPlatforms) = postSolution
		{C4F2EC71-1D8A-48FE-AB07-4748BF9592A8}.Debug|Any CPU.ActiveCfg = Debug|Any CPU
		{C4F2EC71-1D8A-48FE-AB07-4748BF9592A8}.Debug|Any CPU.Build.0 = Debug|Any CPU
		{C4F2EC71-1D8A-48FE-AB07-4748BF9592A8}.Release|Any CPU.ActiveCfg = Release|Any CPU
		{C4F2EC71-1D8A-48FE-AB07-4748BF9592A8}.Release|Any CPU.Build.0 = Release|Any CPU
	EndGlobalSection
	GlobalSection(SolutionProperties) = preSolution
		HideSolutionNode = FALSE
	EndGlobalSection
	GlobalSection(ExtensibilityGlobals) = postSolution
		SolutionGuid = {97F484EC-91BC-4CDE-A8C8-0B96FA37D678}
	EndGlobalSection
EndGlobal
